// !$*UTF8*$!
{
	archiveVersion = 1;
	classes = {
	};
	objectVersion = 46;
	objects = {

/* Begin PBXBuildFile section */
		921707FF1C8D47470055EBAE /* HaloExplosion.sks in Resources */ = {isa = PBXBuildFile; fileRef = 921707FD1C8D47470055EBAE /* HaloExplosion.sks */; };
		921708001C8D47470055EBAE /* spark.png in Resources */ = {isa = PBXBuildFile; fileRef = 921707FE1C8D47470055EBAE /* spark.png */; };
		921708021C8E19FD0055EBAE /* LifeBarExplosion.sks in Resources */ = {isa = PBXBuildFile; fileRef = 921708011C8E19FD0055EBAE /* LifeBarExplosion.sks */; };
		921708041C8E205A0055EBAE /* EdgeExplosion.sks in Resources */ = {isa = PBXBuildFile; fileRef = 921708031C8E205A0055EBAE /* EdgeExplosion.sks */; };
		9217080B1C8E48630055EBAE /* Bounce.caf in Resources */ = {isa = PBXBuildFile; fileRef = 921708051C8E47A30055EBAE /* Bounce.caf */; };
		9217080C1C8E48680055EBAE /* DeepExplosion.caf in Resources */ = {isa = PBXBuildFile; fileRef = 921708061C8E47A30055EBAE /* DeepExplosion.caf */; };
		9217080D1C8E48680055EBAE /* Explosion.caf in Resources */ = {isa = PBXBuildFile; fileRef = 921708071C8E47A30055EBAE /* Explosion.caf */; };
		9217080E1C8E48680055EBAE /* Laser.caf in Resources */ = {isa = PBXBuildFile; fileRef = 921708081C8E47A30055EBAE /* Laser.caf */; };
		9217080F1C8E48680055EBAE /* Zap.caf in Resources */ = {isa = PBXBuildFile; fileRef = 921708091C8E47A30055EBAE /* Zap.caf */; };
		92CD012C1B67121100A694F4 /* main.m in Sources */ = {isa = PBXBuildFile; fileRef = 92CD012B1B67121100A694F4 /* main.m */; };
		92CD012F1B67121100A694F4 /* AppDelegate.m in Sources */ = {isa = PBXBuildFile; fileRef = 92CD012E1B67121100A694F4 /* AppDelegate.m */; };
		92CD01321B67121100A694F4 /* GameScene.m in Sources */ = {isa = PBXBuildFile; fileRef = 92CD01311B67121100A694F4 /* GameScene.m */; };
		92CD01341B67121100A694F4 /* GameScene.sks in Resources */ = {isa = PBXBuildFile; fileRef = 92CD01331B67121100A694F4 /* GameScene.sks */; };
		92CD01371B67121100A694F4 /* GameViewController.m in Sources */ = {isa = PBXBuildFile; fileRef = 92CD01361B67121100A694F4 /* GameViewController.m */; };
		92CD013A1B67121100A694F4 /* Main.storyboard in Resources */ = {isa = PBXBuildFile; fileRef = 92CD01381B67121100A694F4 /* Main.storyboard */; };
		92CD013C1B67121100A694F4 /* Images.xcassets in Resources */ = {isa = PBXBuildFile; fileRef = 92CD013B1B67121100A694F4 /* Images.xcassets */; };
		92CD013F1B67121100A694F4 /* LaunchScreen.xib in Resources */ = {isa = PBXBuildFile; fileRef = 92CD013D1B67121100A694F4 /* LaunchScreen.xib */; };
/* End PBXBuildFile section */

/* Begin PBXFileReference section */
		921707FD1C8D47470055EBAE /* HaloExplosion.sks */ = {isa = PBXFileReference; lastKnownFileType = file.sks; path = HaloExplosion.sks; sourceTree = "<group>"; };
		921707FE1C8D47470055EBAE /* spark.png */ = {isa = PBXFileReference; lastKnownFileType = image.png; path = spark.png; sourceTree = "<group>"; };
		921708011C8E19FD0055EBAE /* LifeBarExplosion.sks */ = {isa = PBXFileReference; lastKnownFileType = file.sks; path = LifeBarExplosion.sks; sourceTree = "<group>"; };
		921708031C8E205A0055EBAE /* EdgeExplosion.sks */ = {isa = PBXFileReference; lastKnownFileType = file.sks; path = EdgeExplosion.sks; sourceTree = "<group>"; };
		921708051C8E47A30055EBAE /* Bounce.caf */ = {isa = PBXFileReference; lastKnownFileType = file; path = Bounce.caf; sourceTree = "<group>"; };
		921708061C8E47A30055EBAE /* DeepExplosion.caf */ = {isa = PBXFileReference; lastKnownFileType = file; path = DeepExplosion.caf; sourceTree = "<group>"; };
		921708071C8E47A30055EBAE /* Explosion.caf */ = {isa = PBXFileReference; lastKnownFileType = file; path = Explosion.caf; sourceTree = "<group>"; };
		921708081C8E47A30055EBAE /* Laser.caf */ = {isa = PBXFileReference; lastKnownFileType = file; path = Laser.caf; sourceTree = "<group>"; };
		921708091C8E47A30055EBAE /* Zap.caf */ = {isa = PBXFileReference; lastKnownFileType = file; path = Zap.caf; sourceTree = "<group>"; };
		92CD01261B67121100A694F4 /* Space Cannon.app */ = {isa = PBXFileReference; explicitFileType = wrapper.application; includeInIndex = 0; path = "Space Cannon.app"; sourceTree = BUILT_PRODUCTS_DIR; };
		92CD012A1B67121100A694F4 /* Info.plist */ = {isa = PBXFileReference; lastKnownFileType = text.plist.xml; path = Info.plist; sourceTree = "<group>"; };
		92CD012B1B67121100A694F4 /* main.m */ = {isa = PBXFileReference; lastKnownFileType = sourcecode.c.objc; path = main.m; sourceTree = "<group>"; };
		92CD012D1B67121100A694F4 /* AppDelegate.h */ = {isa = PBXFileReference; lastKnownFileType = sourcecode.c.h; path = AppDelegate.h; sourceTree = "<group>"; };
		92CD012E1B67121100A694F4 /* AppDelegate.m */ = {isa = PBXFileReference; lastKnownFileType = sourcecode.c.objc; path = AppDelegate.m; sourceTree = "<group>"; };
		92CD01301B67121100A694F4 /* GameScene.h */ = {isa = PBXFileReference; lastKnownFileType = sourcecode.c.h; path = GameScene.h; sourceTree = "<group>"; };
		92CD01311B67121100A694F4 /* GameScene.m */ = {isa = PBXFileReference; lastKnownFileType = sourcecode.c.objc; path = GameScene.m; sourceTree = "<group>"; };
		92CD01331B67121100A694F4 /* GameScene.sks */ = {isa = PBXFileReference; lastKnownFileType = file.sks; path = GameScene.sks; sourceTree = "<group>"; };
		92CD01351B67121100A694F4 /* GameViewController.h */ = {isa = PBXFileReference; lastKnownFileType = sourcecode.c.h; path = GameViewController.h; sourceTree = "<group>"; };
		92CD01361B67121100A694F4 /* GameViewController.m */ = {isa = PBXFileReference; lastKnownFileType = sourcecode.c.objc; path = GameViewController.m; sourceTree = "<group>"; };
		92CD01391B67121100A694F4 /* Base */ = {isa = PBXFileReference; lastKnownFileType = file.storyboard; name = Base; path = Base.lproj/Main.storyboard; sourceTree = "<group>"; };
		92CD013B1B67121100A694F4 /* Images.xcassets */ = {isa = PBXFileReference; lastKnownFileType = folder.assetcatalog; path = Images.xcassets; sourceTree = "<group>"; };
		92CD013E1B67121100A694F4 /* Base */ = {isa = PBXFileReference; lastKnownFileType = file.xib; name = Base; path = Base.lproj/LaunchScreen.xib; sourceTree = "<group>"; };
/* End PBXFileReference section */

/* Begin PBXFrameworksBuildPhase section */
		92CD01231B67121100A694F4 /* Frameworks */ = {
			isa = PBXFrameworksBuildPhase;
			buildActionMask = 2147483647;
			files = (
			);
			runOnlyForDeploymentPostprocessing = 0;
		};
/* End PBXFrameworksBuildPhase section */

/* Begin PBXGroup section */
		9217080A1C8E47AF0055EBAE /* Sounds */ = {
			isa = PBXGroup;
			children = (
				921708051C8E47A30055EBAE /* Bounce.caf */,
				921708061C8E47A30055EBAE /* DeepExplosion.caf */,
				921708071C8E47A30055EBAE /* Explosion.caf */,
				921708081C8E47A30055EBAE /* Laser.caf */,
				921708091C8E47A30055EBAE /* Zap.caf */,
			);
			name = Sounds;
			sourceTree = "<group>";
		};
		92CD011D1B67121100A694F4 = {
			isa = PBXGroup;
			children = (
				92CD01281B67121100A694F4 /* Space Cannon */,
				92CD01271B67121100A694F4 /* Products */,
			);
			sourceTree = "<group>";
		};
		92CD01271B67121100A694F4 /* Products */ = {
			isa = PBXGroup;
			children = (
				92CD01261B67121100A694F4 /* Space Cannon.app */,
			);
			name = Products;
			sourceTree = "<group>";
		};
		92CD01281B67121100A694F4 /* Space Cannon */ = {
			isa = PBXGroup;
			children = (
				92CD012D1B67121100A694F4 /* AppDelegate.h */,
				92CD012E1B67121100A694F4 /* AppDelegate.m */,
				92CD01301B67121100A694F4 /* GameScene.h */,
				92CD01311B67121100A694F4 /* GameScene.m */,
				921708031C8E205A0055EBAE /* EdgeExplosion.sks */,
				921708011C8E19FD0055EBAE /* LifeBarExplosion.sks */,
				921707FD1C8D47470055EBAE /* HaloExplosion.sks */,
				921707FE1C8D47470055EBAE /* spark.png */,
				92CD01331B67121100A694F4 /* GameScene.sks */,
				92CD01351B67121100A694F4 /* GameViewController.h */,
				92CD01361B67121100A694F4 /* GameViewController.m */,
				9217080A1C8E47AF0055EBAE /* Sounds */,
				92CD01381B67121100A694F4 /* Main.storyboard */,
				92CD013B1B67121100A694F4 /* Images.xcassets */,
				92CD013D1B67121100A694F4 /* LaunchScreen.xib */,
				92CD01291B67121100A694F4 /* Supporting Files */,
			);
			path = "Space Cannon";
			sourceTree = "<group>";
		};
		92CD01291B67121100A694F4 /* Supporting Files */ = {
			isa = PBXGroup;
			children = (
				92CD012A1B67121100A694F4 /* Info.plist */,
				92CD012B1B67121100A694F4 /* main.m */,
			);
			name = "Supporting Files";
			sourceTree = "<group>";
		};
/* End PBXGroup section */

/* Begin PBXNativeTarget section */
		92CD01251B67121100A694F4 /* Space Cannon */ = {
			isa = PBXNativeTarget;
			buildConfigurationList = 92CD014E1B67121100A694F4 /* Build configuration list for PBXNativeTarget "Space Cannon" */;
			buildPhases = (
				92CD01221B67121100A694F4 /* Sources */,
				92CD01231B67121100A694F4 /* Frameworks */,
				92CD01241B67121100A694F4 /* Resources */,
			);
			buildRules = (
			);
			dependencies = (
			);
			name = "Space Cannon";
			productName = "Space Cannon";
			productReference = 92CD01261B67121100A694F4 /* Space Cannon.app */;
			productType = "com.apple.product-type.application";
		};
/* End PBXNativeTarget section */

/* Begin PBXProject section */
		92CD011E1B67121100A694F4 /* Project object */ = {
			isa = PBXProject;
			attributes = {
				LastUpgradeCheck = 0720;
				ORGANIZATIONNAME = "Zach Jiroun";
				TargetAttributes = {
					92CD01251B67121100A694F4 = {
						CreatedOnToolsVersion = 6.4;
					};
				};
			};
			buildConfigurationList = 92CD01211B67121100A694F4 /* Build configuration list for PBXProject "Space Cannon" */;
			compatibilityVersion = "Xcode 3.2";
			developmentRegion = English;
			hasScannedForEncodings = 0;
			knownRegions = (
				en,
				Base,
			);
			mainGroup = 92CD011D1B67121100A694F4;
			productRefGroup = 92CD01271B67121100A694F4 /* Products */;
			projectDirPath = "";
			projectRoot = "";
			targets = (
				92CD01251B67121100A694F4 /* Space Cannon */,
			);
		};
/* End PBXProject section */

/* Begin PBXResourcesBuildPhase section */
		92CD01241B67121100A694F4 /* Resources */ = {
			isa = PBXResourcesBuildPhase;
			buildActionMask = 2147483647;
			files = (
				9217080E1C8E48680055EBAE /* Laser.caf in Resources */,
				9217080C1C8E48680055EBAE /* DeepExplosion.caf in Resources */,
				921708021C8E19FD0055EBAE /* LifeBarExplosion.sks in Resources */,
				921707FF1C8D47470055EBAE /* HaloExplosion.sks in Resources */,
				921708001C8D47470055EBAE /* spark.png in Resources */,
				92CD013F1B67121100A694F4 /* LaunchScreen.xib in Resources */,
				92CD013C1B67121100A694F4 /* Images.xcassets in Resources */,
				92CD01341B67121100A694F4 /* GameScene.sks in Resources */,
				9217080D1C8E48680055EBAE /* Explosion.caf in Resources */,
				9217080F1C8E48680055EBAE /* Zap.caf in Resources */,
				921708041C8E205A0055EBAE /* EdgeExplosion.sks in Resources */,
				92CD013A1B67121100A694F4 /* Main.storyboard in Resources */,
				9217080B1C8E48630055EBAE /* Bounce.caf in Resources */,
			);
			runOnlyForDeploymentPostprocessing = 0;
		};
/* End PBXResourcesBuildPhase section */

/* Begin PBXSourcesBuildPhase section */
		92CD01221B67121100A694F4 /* Sources */ = {
			isa = PBXSourcesBuildPhase;
			buildActionMask = 2147483647;
			files = (
				92CD01371B67121100A694F4 /* GameViewController.m in Sources */,
				92CD012F1B67121100A694F4 /* AppDelegate.m in Sources */,
				92CD01321B67121100A694F4 /* GameScene.m in Sources */,
				92CD012C1B67121100A694F4 /* main.m in Sources */,
			);
			runOnlyForDeploymentPostprocessing = 0;
		};
/* End PBXSourcesBuildPhase section */

/* Begin PBXVariantGroup section */
		92CD01381B67121100A694F4 /* Main.storyboard */ = {
			isa = PBXVariantGroup;
			children = (
				92CD01391B67121100A694F4 /* Base */,
			);
			name = Main.storyboard;
			sourceTree = "<group>";
		};
		92CD013D1B67121100A694F4 /* LaunchScreen.xib */ = {
			isa = PBXVariantGroup;
			children = (
				92CD013E1B67121100A694F4 /* Base */,
			);
			name = LaunchScreen.xib;
			sourceTree = "<group>";
		};
/* End PBXVariantGroup section */

/* Begin XCBuildConfiguration section */
		92CD014C1B67121100A694F4 /* Debug */ = {
			isa = XCBuildConfiguration;
			buildSettings = {
				ALWAYS_SEARCH_USER_PATHS = NO;
				CLANG_CXX_LANGUAGE_STANDARD = "gnu++0x";
				CLANG_CXX_LIBRARY = "libc++";
				CLANG_ENABLE_MODULES = YES;
				CLANG_ENABLE_OBJC_ARC = YES;
				CLANG_WARN_BOOL_CONVERSION = YES;
				CLANG_WARN_CONSTANT_CONVERSION = YES;
				CLANG_WARN_DIRECT_OBJC_ISA_USAGE = YES_ERROR;
				CLANG_WARN_EMPTY_BODY = YES;
				CLANG_WARN_ENUM_CONVERSION = YES;
				CLANG_WARN_INT_CONVERSION = YES;
				CLANG_WARN_OBJC_ROOT_CLASS = YES_ERROR;
				CLANG_WARN_UNREACHABLE_CODE = YES;
				CLANG_WARN__DUPLICATE_METHOD_MATCH = YES;
				"CODE_SIGN_IDENTITY[sdk=iphoneos*]" = "iPhone Developer";
				COPY_PHASE_STRIP = NO;
				DEBUG_INFORMATION_FORMAT = "dwarf-with-dsym";
				ENABLE_STRICT_OBJC_MSGSEND = YES;
				ENABLE_TESTABILITY = YES;
				GCC_C_LANGUAGE_STANDARD = gnu99;
				GCC_DYNAMIC_NO_PIC = NO;
				GCC_NO_COMMON_BLOCKS = YES;
				GCC_OPTIMIZATION_LEVEL = 0;
				GCC_PREPROCESSOR_DEFINITIONS = (
					"DEBUG=1",
					"$(inherited)",
				);
				GCC_SYMBOLS_PRIVATE_EXTERN = NO;
				GCC_WARN_64_TO_32_BIT_CONVERSION = YES;
				GCC_WARN_ABOUT_RETURN_TYPE = YES_ERROR;
				GCC_WARN_UNDECLARED_SELECTOR = YES;
				GCC_WARN_UNINITIALIZED_AUTOS = YES_AGGRESSIVE;
				GCC_WARN_UNUSED_FUNCTION = YES;
				GCC_WARN_UNUSED_VARIABLE = YES;
				IPHONEOS_DEPLOYMENT_TARGET = 8.4;
				MTL_ENABLE_DEBUG_INFO = YES;
				ONLY_ACTIVE_ARCH = YES;
				SDKROOT = iphoneos;
			};
			name = Debug;
		};
		92CD014D1B67121100A694F4 /* Release */ = {
			isa = XCBuildConfiguration;
			buildSettings = {
				ALWAYS_SEARCH_USER_PATHS = NO;
				CLANG_CXX_LANGUAGE_STANDARD = "gnu++0x";
				CLANG_CXX_LIBRARY = "libc++";
				CLANG_ENABLE_MODULES = YES;
				CLANG_ENABLE_OBJC_ARC = YES;
				CLANG_WARN_BOOL_CONVERSION = YES;
				CLANG_WARN_CONSTANT_CONVERSION = YES;
				CLANG_WARN_DIRECT_OBJC_ISA_USAGE = YES_ERROR;
				CLANG_WARN_EMPTY_BODY = YES;
				CLANG_WARN_ENUM_CONVERSION = YES;
				CLANG_WARN_INT_CONVERSION = YES;
				CLANG_WARN_OBJC_ROOT_CLASS = YES_ERROR;
				CLANG_WARN_UNREACHABLE_CODE = YES;
				CLANG_WARN__DUPLICATE_METHOD_MATCH = YES;
				"CODE_SIGN_IDENTITY[sdk=iphoneos*]" = "iPhone Developer";
				COPY_PHASE_STRIP = NO;
				DEBUG_INFORMATION_FORMAT = "dwarf-with-dsym";
				ENABLE_NS_ASSERTIONS = NO;
				ENABLE_STRICT_OBJC_MSGSEND = YES;
				GCC_C_LANGUAGE_STANDARD = gnu99;
				GCC_NO_COMMON_BLOCKS = YES;
				GCC_WARN_64_TO_32_BIT_CONVERSION = YES;
				GCC_WARN_ABOUT_RETURN_TYPE = YES_ERROR;
				GCC_WARN_UNDECLARED_SELECTOR = YES;
				GCC_WARN_UNINITIALIZED_AUTOS = YES_AGGRESSIVE;
				GCC_WARN_UNUSED_FUNCTION = YES;
				GCC_WARN_UNUSED_VARIABLE = YES;
				IPHONEOS_DEPLOYMENT_TARGET = 8.4;
				MTL_ENABLE_DEBUG_INFO = NO;
				SDKROOT = iphoneos;
				VALIDATE_PRODUCT = YES;
			};
			name = Release;
		};
		92CD014F1B67121100A694F4 /* Debug */ = {
			isa = XCBuildConfiguration;
			buildSettings = {
				ASSETCATALOG_COMPILER_APPICON_NAME = AppIcon;
				INFOPLIST_FILE = "Space Cannon/Info.plist";
				LD_RUNPATH_SEARCH_PATHS = "$(inherited) @executable_path/Frameworks";
				PRODUCT_BUNDLE_IDENTIFIER = "com.headlightstudios.$(PRODUCT_NAME:rfc1034identifier)";
				PRODUCT_NAME = "$(TARGET_NAME)";
			};
			name = Debug;
		};
		92CD01501B67121100A694F4 /* Release */ = {
			isa = XCBuildConfiguration;
			buildSettings = {
				ASSETCATALOG_COMPILER_APPICON_NAME = AppIcon;
				INFOPLIST_FILE = "Space Cannon/Info.plist";
				LD_RUNPATH_SEARCH_PATHS = "$(inherited) @executable_path/Frameworks";
				PRODUCT_BUNDLE_IDENTIFIER = "com.headlightstudios.$(PRODUCT_NAME:rfc1034identifier)";
				PRODUCT_NAME = "$(TARGET_NAME)";
			};
			name = Release;
		};
/* End XCBuildConfiguration section */

/* Begin XCConfigurationList section */
		92CD01211B67121100A694F4 /* Build configuration list for PBXProject "Space Cannon" */ = {
			isa = XCConfigurationList;
			buildConfigurations = (
				92CD014C1B67121100A694F4 /* Debug */,
				92CD014D1B67121100A694F4 /* Release */,
			);
			defaultConfigurationIsVisible = 0;
			defaultConfigurationName = Release;
		};
		92CD014E1B67121100A694F4 /* Build configuration list for PBXNativeTarget "Space Cannon" */ = {
			isa = XCConfigurationList;
			buildConfigurations = (
				92CD014F1B67121100A694F4 /* Debug */,
				92CD01501B67121100A694F4 /* Release */,
			);
			defaultConfigurationIsVisible = 0;
			defaultConfigurationName = Release;
		};
/* End XCConfigurationList section */
	};
	rootObject = 92CD011E1B67121100A694F4 /* Project object */;
}
